// !$*UTF8*$!
{
	archiveVersion = 1;
	classes = {
	};
	objectVersion = 55;
	objects = {

/* Begin PBXBuildFile section */
		8404B5F42887CC30001458DE /* AppDelegate.swift in Sources */ = {isa = PBXBuildFile; fileRef = 8404B5F32887CC30001458DE /* AppDelegate.swift */; };
		8404B5F62887CC30001458DE /* SceneDelegate.swift in Sources */ = {isa = PBXBuildFile; fileRef = 8404B5F52887CC30001458DE /* SceneDelegate.swift */; };
		8404B5FB2887CC30001458DE /* Main.storyboard in Resources */ = {isa = PBXBuildFile; fileRef = 8404B5F92887CC30001458DE /* Main.storyboard */; };
		8404B5FD2887CC33001458DE /* Assets.xcassets in Resources */ = {isa = PBXBuildFile; fileRef = 8404B5FC2887CC33001458DE /* Assets.xcassets */; };
		8404B6002887CC33001458DE /* LaunchScreen.storyboard in Resources */ = {isa = PBXBuildFile; fileRef = 8404B5FE2887CC33001458DE /* LaunchScreen.storyboard */; };
		8404B60D2887CD3E001458DE /* PreViewController.swift in Sources */ = {isa = PBXBuildFile; fileRef = 8404B60C2887CD3E001458DE /* PreViewController.swift */; };
		841ABA9528892EF60092C9EB /* HomebannerTableViewCell.swift in Sources */ = {isa = PBXBuildFile; fileRef = 841ABA9428892EF60092C9EB /* HomebannerTableViewCell.swift */; };
		841ABA97288930EE0092C9EB /* HomeBannerCollectionViewCell.swift in Sources */ = {isa = PBXBuildFile; fileRef = 841ABA96288930EE0092C9EB /* HomeBannerCollectionViewCell.swift */; };
		841ABA99288955750092C9EB /* HomeBlockTableViewCell.swift in Sources */ = {isa = PBXBuildFile; fileRef = 841ABA98288955750092C9EB /* HomeBlockTableViewCell.swift */; };
		84D45C5928882A3100104E2F /* verifyOTPViewController.swift in Sources */ = {isa = PBXBuildFile; fileRef = 84D45C5828882A3100104E2F /* verifyOTPViewController.swift */; };
		84D45C5C28882D4B00104E2F /* HomeScreenViewController.swift in Sources */ = {isa = PBXBuildFile; fileRef = 84D45C5B28882D4B00104E2F /* HomeScreenViewController.swift */; };
		84D45C5E28883FE100104E2F /* ActivityViewController.swift in Sources */ = {isa = PBXBuildFile; fileRef = 84D45C5D28883FE100104E2F /* ActivityViewController.swift */; };
		84D45C6028883FEB00104E2F /* AccountViewController.swift in Sources */ = {isa = PBXBuildFile; fileRef = 84D45C5F28883FEA00104E2F /* AccountViewController.swift */; };
		84D4E0C128880BFC000F48E0 /* LoginViewController.swift in Sources */ = {isa = PBXBuildFile; fileRef = 84D4E0C028880BFC000F48E0 /* LoginViewController.swift */; };
/* End PBXBuildFile section */

/* Begin PBXFileReference section */
		8404B5F02887CC30001458DE /* UberClone.app */ = {isa = PBXFileReference; explicitFileType = wrapper.application; includeInIndex = 0; path = UberClone.app; sourceTree = BUILT_PRODUCTS_DIR; };
		8404B5F32887CC30001458DE /* AppDelegate.swift */ = {isa = PBXFileReference; lastKnownFileType = sourcecode.swift; path = AppDelegate.swift; sourceTree = "<group>"; };
		8404B5F52887CC30001458DE /* SceneDelegate.swift */ = {isa = PBXFileReference; lastKnownFileType = sourcecode.swift; path = SceneDelegate.swift; sourceTree = "<group>"; };
		8404B5FA2887CC30001458DE /* Base */ = {isa = PBXFileReference; lastKnownFileType = file.storyboard; name = Base; path = Base.lproj/Main.storyboard; sourceTree = "<group>"; };
		8404B5FC2887CC33001458DE /* Assets.xcassets */ = {isa = PBXFileReference; lastKnownFileType = folder.assetcatalog; path = Assets.xcassets; sourceTree = "<group>"; };
		8404B5FF2887CC33001458DE /* Base */ = {isa = PBXFileReference; lastKnownFileType = file.storyboard; name = Base; path = Base.lproj/LaunchScreen.storyboard; sourceTree = "<group>"; };
		8404B6012887CC33001458DE /* Info.plist */ = {isa = PBXFileReference; lastKnownFileType = text.plist.xml; path = Info.plist; sourceTree = "<group>"; };
		8404B60C2887CD3E001458DE /* PreViewController.swift */ = {isa = PBXFileReference; lastKnownFileType = sourcecode.swift; path = PreViewController.swift; sourceTree = "<group>"; };
		841ABA9428892EF60092C9EB /* HomebannerTableViewCell.swift */ = {isa = PBXFileReference; lastKnownFileType = sourcecode.swift; path = HomebannerTableViewCell.swift; sourceTree = "<group>"; };
		841ABA96288930EE0092C9EB /* HomeBannerCollectionViewCell.swift */ = {isa = PBXFileReference; lastKnownFileType = sourcecode.swift; path = HomeBannerCollectionViewCell.swift; sourceTree = "<group>"; };
		841ABA98288955750092C9EB /* HomeBlockTableViewCell.swift */ = {isa = PBXFileReference; lastKnownFileType = sourcecode.swift; path = HomeBlockTableViewCell.swift; sourceTree = "<group>"; };
		84D45C5828882A3100104E2F /* verifyOTPViewController.swift */ = {isa = PBXFileReference; lastKnownFileType = sourcecode.swift; path = verifyOTPViewController.swift; sourceTree = "<group>"; };
		84D45C5B28882D4B00104E2F /* HomeScreenViewController.swift */ = {isa = PBXFileReference; lastKnownFileType = sourcecode.swift; path = HomeScreenViewController.swift; sourceTree = "<group>"; };
		84D45C5D28883FE100104E2F /* ActivityViewController.swift */ = {isa = PBXFileReference; lastKnownFileType = sourcecode.swift; path = ActivityViewController.swift; sourceTree = "<group>"; };
		84D45C5F28883FEA00104E2F /* AccountViewController.swift */ = {isa = PBXFileReference; lastKnownFileType = sourcecode.swift; path = AccountViewController.swift; sourceTree = "<group>"; };
		84D4E0C028880BFC000F48E0 /* LoginViewController.swift */ = {isa = PBXFileReference; lastKnownFileType = sourcecode.swift; path = LoginViewController.swift; sourceTree = "<group>"; };
/* End PBXFileReference section */

/* Begin PBXFrameworksBuildPhase section */
		8404B5ED2887CC30001458DE /* Frameworks */ = {
			isa = PBXFrameworksBuildPhase;
			buildActionMask = 2147483647;
			files = (
			);
			runOnlyForDeploymentPostprocessing = 0;
		};
/* End PBXFrameworksBuildPhase section */

/* Begin PBXGroup section */
		8404B5E72887CC30001458DE = {
			isa = PBXGroup;
			children = (
				8404B5F22887CC30001458DE /* UberClone */,
				8404B5F12887CC30001458DE /* Products */,
			);
			sourceTree = "<group>";
		};
		8404B5F12887CC30001458DE /* Products */ = {
			isa = PBXGroup;
			children = (
				8404B5F02887CC30001458DE /* UberClone.app */,
			);
			name = Products;
			sourceTree = "<group>";
		};
		8404B5F22887CC30001458DE /* UberClone */ = {
			isa = PBXGroup;
			children = (
				8404B6092887CC81001458DE /* Extensions */,
				8404B6082887CC77001458DE /* Resources */,
				8404B60B2887CCE4001458DE /* StoryBoards */,
				8404B60A2887CCCE001458DE /* Controllers */,
				8404B5FC2887CC33001458DE /* Assets.xcassets */,
				8404B6012887CC33001458DE /* Info.plist */,
			);
			path = UberClone;
			sourceTree = "<group>";
		};
		8404B6082887CC77001458DE /* Resources */ = {
			isa = PBXGroup;
			children = (
				8404B5F52887CC30001458DE /* SceneDelegate.swift */,
				8404B5F32887CC30001458DE /* AppDelegate.swift */,
			);
			path = Resources;
			sourceTree = "<group>";
		};
		8404B6092887CC81001458DE /* Extensions */ = {
			isa = PBXGroup;
			children = (
			);
			path = Extensions;
			sourceTree = "<group>";
		};
		8404B60A2887CCCE001458DE /* Controllers */ = {
			isa = PBXGroup;
			children = (
				8404B60C2887CD3E001458DE /* PreViewController.swift */,
				84D4E0C028880BFC000F48E0 /* LoginViewController.swift */,
				84D45C5828882A3100104E2F /* verifyOTPViewController.swift */,
				84D45C5A28882D3300104E2F /* HomeScreeen */,
				841ABA9228890DFA0092C9EB /* ActivityScreen */,
				841ABA9328890E210092C9EB /* ProfileScreen */,
			);
			path = Controllers;
			sourceTree = "<group>";
		};
		8404B60B2887CCE4001458DE /* StoryBoards */ = {
			isa = PBXGroup;
			children = (
				8404B5FE2887CC33001458DE /* LaunchScreen.storyboard */,
				8404B5F92887CC30001458DE /* Main.storyboard */,
			);
			path = StoryBoards;
			sourceTree = "<group>";
		};
		841ABA9228890DFA0092C9EB /* ActivityScreen */ = {
			isa = PBXGroup;
			children = (
				84D45C5D28883FE100104E2F /* ActivityViewController.swift */,
			);
			path = ActivityScreen;
			sourceTree = "<group>";
		};
		841ABA9328890E210092C9EB /* ProfileScreen */ = {
			isa = PBXGroup;
			children = (
				84D45C5F28883FEA00104E2F /* AccountViewController.swift */,
			);
			path = ProfileScreen;
			sourceTree = "<group>";
		};
		841ABA9A28895B9C0092C9EB /* Banner */ = {
			isa = PBXGroup;
			children = (
				841ABA9428892EF60092C9EB /* HomebannerTableViewCell.swift */,
				841ABA96288930EE0092C9EB /* HomeBannerCollectionViewCell.swift */,
			);
			path = Banner;
			sourceTree = "<group>";
		};
		841ABA9B28895BB50092C9EB /* Blocks */ = {
			isa = PBXGroup;
			children = (
				841ABA98288955750092C9EB /* HomeBlockTableViewCell.swift */,
			);
			path = Blocks;
			sourceTree = "<group>";
		};
		84D45C5A28882D3300104E2F /* HomeScreeen */ = {
			isa = PBXGroup;
			children = (
				84D45C5B28882D4B00104E2F /* HomeScreenViewController.swift */,
				841ABA9A28895B9C0092C9EB /* Banner */,
				841ABA9B28895BB50092C9EB /* Blocks */,
			);
			path = HomeScreeen;
			sourceTree = "<group>";
		};
/* End PBXGroup section */

/* Begin PBXNativeTarget section */
		8404B5EF2887CC30001458DE /* UberClone */ = {
			isa = PBXNativeTarget;
			buildConfigurationList = 8404B6042887CC33001458DE /* Build configuration list for PBXNativeTarget "UberClone" */;
			buildPhases = (
				8404B5EC2887CC30001458DE /* Sources */,
				8404B5ED2887CC30001458DE /* Frameworks */,
				8404B5EE2887CC30001458DE /* Resources */,
			);
			buildRules = (
			);
			dependencies = (
			);
			name = UberClone;
			productName = UberClone;
			productReference = 8404B5F02887CC30001458DE /* UberClone.app */;
			productType = "com.apple.product-type.application";
		};
/* End PBXNativeTarget section */

/* Begin PBXProject section */
		8404B5E82887CC30001458DE /* Project object */ = {
			isa = PBXProject;
			attributes = {
				BuildIndependentTargetsInParallel = 1;
				LastSwiftUpdateCheck = 1340;
				LastUpgradeCheck = 1340;
				TargetAttributes = {
					8404B5EF2887CC30001458DE = {
						CreatedOnToolsVersion = 13.4.1;
					};
				};
			};
			buildConfigurationList = 8404B5EB2887CC30001458DE /* Build configuration list for PBXProject "UberClone" */;
			compatibilityVersion = "Xcode 13.0";
			developmentRegion = en;
			hasScannedForEncodings = 0;
			knownRegions = (
				en,
				Base,
			);
			mainGroup = 8404B5E72887CC30001458DE;
			productRefGroup = 8404B5F12887CC30001458DE /* Products */;
			projectDirPath = "";
			projectRoot = "";
			targets = (
				8404B5EF2887CC30001458DE /* UberClone */,
			);
		};
/* End PBXProject section */

/* Begin PBXResourcesBuildPhase section */
		8404B5EE2887CC30001458DE /* Resources */ = {
			isa = PBXResourcesBuildPhase;
			buildActionMask = 2147483647;
			files = (
				8404B6002887CC33001458DE /* LaunchScreen.storyboard in Resources */,
				8404B5FD2887CC33001458DE /* Assets.xcassets in Resources */,
				8404B5FB2887CC30001458DE /* Main.storyboard in Resources */,
			);
			runOnlyForDeploymentPostprocessing = 0;
		};
/* End PBXResourcesBuildPhase section */

/* Begin PBXSourcesBuildPhase section */
		8404B5EC2887CC30001458DE /* Sources */ = {
			isa = PBXSourcesBuildPhase;
			buildActionMask = 2147483647;
			files = (
				84D4E0C128880BFC000F48E0 /* LoginViewController.swift in Sources */,
				8404B5F42887CC30001458DE /* AppDelegate.swift in Sources */,
				84D45C6028883FEB00104E2F /* AccountViewController.swift in Sources */,
				841ABA99288955750092C9EB /* HomeBlockTableViewCell.swift in Sources */,
				84D45C5928882A3100104E2F /* verifyOTPViewController.swift in Sources */,
				8404B5F62887CC30001458DE /* SceneDelegate.swift in Sources */,
				841ABA9528892EF60092C9EB /* HomebannerTableViewCell.swift in Sources */,
				84D45C5E28883FE100104E2F /* ActivityViewController.swift in Sources */,
				841ABA97288930EE0092C9EB /* HomeBannerCollectionViewCell.swift in Sources */,
				8404B60D2887CD3E001458DE /* PreViewController.swift in Sources */,
				84D45C5C28882D4B00104E2F /* HomeScreenViewController.swift in Sources */,
			);
			runOnlyForDeploymentPostprocessing = 0;
		};
/* End PBXSourcesBuildPhase section */

/* Begin PBXVariantGroup section */
		8404B5F92887CC30001458DE /* Main.storyboard */ = {
			isa = PBXVariantGroup;
			children = (
				8404B5FA2887CC30001458DE /* Base */,
			);
			name = Main.storyboard;
			sourceTree = "<group>";
		};
		8404B5FE2887CC33001458DE /* LaunchScreen.storyboard */ = {
			isa = PBXVariantGroup;
			children = (
				8404B5FF2887CC33001458DE /* Base */,
			);
			name = LaunchScreen.storyboard;
			sourceTree = "<group>";
		};
/* End PBXVariantGroup section */

/* Begin XCBuildConfiguration section */
		8404B6022887CC33001458DE /* Debug */ = {
			isa = XCBuildConfiguration;
			buildSettings = {
				ALWAYS_SEARCH_USER_PATHS = NO;
				CLANG_ANALYZER_NONNULL = YES;
				CLANG_ANALYZER_NUMBER_OBJECT_CONVERSION = YES_AGGRESSIVE;
				CLANG_CXX_LANGUAGE_STANDARD = "gnu++17";
				CLANG_ENABLE_MODULES = YES;
				CLANG_ENABLE_OBJC_ARC = YES;
				CLANG_ENABLE_OBJC_WEAK = YES;
				CLANG_WARN_BLOCK_CAPTURE_AUTORELEASING = YES;
				CLANG_WARN_BOOL_CONVERSION = YES;
				CLANG_WARN_COMMA = YES;
				CLANG_WARN_CONSTANT_CONVERSION = YES;
				CLANG_WARN_DEPRECATED_OBJC_IMPLEMENTATIONS = YES;
				CLANG_WARN_DIRECT_OBJC_ISA_USAGE = YES_ERROR;
				CLANG_WARN_DOCUMENTATION_COMMENTS = YES;
				CLANG_WARN_EMPTY_BODY = YES;
				CLANG_WARN_ENUM_CONVERSION = YES;
				CLANG_WARN_INFINITE_RECURSION = YES;
				CLANG_WARN_INT_CONVERSION = YES;
				CLANG_WARN_NON_LITERAL_NULL_CONVERSION = YES;
				CLANG_WARN_OBJC_IMPLICIT_RETAIN_SELF = YES;
				CLANG_WARN_OBJC_LITERAL_CONVERSION = YES;
				CLANG_WARN_OBJC_ROOT_CLASS = YES_ERROR;
				CLANG_WARN_QUOTED_INCLUDE_IN_FRAMEWORK_HEADER = YES;
				CLANG_WARN_RANGE_LOOP_ANALYSIS = YES;
				CLANG_WARN_STRICT_PROTOTYPES = YES;
				CLANG_WARN_SUSPICIOUS_MOVE = YES;
				CLANG_WARN_UNGUARDED_AVAILABILITY = YES_AGGRESSIVE;
				CLANG_WARN_UNREACHABLE_CODE = YES;
				CLANG_WARN__DUPLICATE_METHOD_MATCH = YES;
				COPY_PHASE_STRIP = NO;
				DEBUG_INFORMATION_FORMAT = dwarf;
				ENABLE_STRICT_OBJC_MSGSEND = YES;
				ENABLE_TESTABILITY = YES;
				GCC_C_LANGUAGE_STANDARD = gnu11;
				GCC_DYNAMIC_NO_PIC = NO;
				GCC_NO_COMMON_BLOCKS = YES;
				GCC_OPTIMIZATION_LEVEL = 0;
				GCC_PREPROCESSOR_DEFINITIONS = (
					"DEBUG=1",
					"$(inherited)",
				);
				GCC_WARN_64_TO_32_BIT_CONVERSION = YES;
				GCC_WARN_ABOUT_RETURN_TYPE = YES_ERROR;
				GCC_WARN_UNDECLARED_SELECTOR = YES;
				GCC_WARN_UNINITIALIZED_AUTOS = YES_AGGRESSIVE;
				GCC_WARN_UNUSED_FUNCTION = YES;
				GCC_WARN_UNUSED_VARIABLE = YES;
				IPHONEOS_DEPLOYMENT_TARGET = 15.5;
				MTL_ENABLE_DEBUG_INFO = INCLUDE_SOURCE;
				MTL_FAST_MATH = YES;
				ONLY_ACTIVE_ARCH = YES;
				SDKROOT = iphoneos;
				SWIFT_ACTIVE_COMPILATION_CONDITIONS = DEBUG;
				SWIFT_OPTIMIZATION_LEVEL = "-Onone";
			};
			name = Debug;
		};
		8404B6032887CC33001458DE /* Release */ = {
			isa = XCBuildConfiguration;
			buildSettings = {
				ALWAYS_SEARCH_USER_PATHS = NO;
				CLANG_ANALYZER_NONNULL = YES;
				CLANG_ANALYZER_NUMBER_OBJECT_CONVERSION = YES_AGGRESSIVE;
				CLANG_CXX_LANGUAGE_STANDARD = "gnu++17";
				CLANG_ENABLE_MODULES = YES;
				CLANG_ENABLE_OBJC_ARC = YES;
				CLANG_ENABLE_OBJC_WEAK = YES;
				CLANG_WARN_BLOCK_CAPTURE_AUTORELEASING = YES;
				CLANG_WARN_BOOL_CONVERSION = YES;
				CLANG_WARN_COMMA = YES;
				CLANG_WARN_CONSTANT_CONVERSION = YES;
				CLANG_WARN_DEPRECATED_OBJC_IMPLEMENTATIONS = YES;
				CLANG_WARN_DIRECT_OBJC_ISA_USAGE = YES_ERROR;
				CLANG_WARN_DOCUMENTATION_COMMENTS = YES;
				CLANG_WARN_EMPTY_BODY = YES;
				CLANG_WARN_ENUM_CONVERSION = YES;
				CLANG_WARN_INFINITE_RECURSION = YES;
				CLANG_WARN_INT_CONVERSION = YES;
				CLANG_WARN_NON_LITERAL_NULL_CONVERSION = YES;
				CLANG_WARN_OBJC_IMPLICIT_RETAIN_SELF = YES;
				CLANG_WARN_OBJC_LITERAL_CONVERSION = YES;
				CLANG_WARN_OBJC_ROOT_CLASS = YES_ERROR;
				CLANG_WARN_QUOTED_INCLUDE_IN_FRAMEWORK_HEADER = YES;
				CLANG_WARN_RANGE_LOOP_ANALYSIS = YES;
				CLANG_WARN_STRICT_PROTOTYPES = YES;
				CLANG_WARN_SUSPICIOUS_MOVE = YES;
				CLANG_WARN_UNGUARDED_AVAILABILITY = YES_AGGRESSIVE;
				CLANG_WARN_UNREACHABLE_CODE = YES;
				CLANG_WARN__DUPLICATE_METHOD_MATCH = YES;
				COPY_PHASE_STRIP = NO;
				DEBUG_INFORMATION_FORMAT = "dwarf-with-dsym";
				ENABLE_NS_ASSERTIONS = NO;
				ENABLE_STRICT_OBJC_MSGSEND = YES;
				GCC_C_LANGUAGE_STANDARD = gnu11;
				GCC_NO_COMMON_BLOCKS = YES;
				GCC_WARN_64_TO_32_BIT_CONVERSION = YES;
				GCC_WARN_ABOUT_RETURN_TYPE = YES_ERROR;
				GCC_WARN_UNDECLARED_SELECTOR = YES;
				GCC_WARN_UNINITIALIZED_AUTOS = YES_AGGRESSIVE;
				GCC_WARN_UNUSED_FUNCTION = YES;
				GCC_WARN_UNUSED_VARIABLE = YES;
				IPHONEOS_DEPLOYMENT_TARGET = 15.5;
				MTL_ENABLE_DEBUG_INFO = NO;
				MTL_FAST_MATH = YES;
				SDKROOT = iphoneos;
				SWIFT_COMPILATION_MODE = wholemodule;
				SWIFT_OPTIMIZATION_LEVEL = "-O";
				VALIDATE_PRODUCT = YES;
			};
			name = Release;
		};
		8404B6052887CC33001458DE /* Debug */ = {
			isa = XCBuildConfiguration;
			buildSettings = {
				ASSETCATALOG_COMPILER_APPICON_NAME = AppIcon;
				ASSETCATALOG_COMPILER_GLOBAL_ACCENT_COLOR_NAME = AccentColor;
				CODE_SIGN_STYLE = Automatic;
				CURRENT_PROJECT_VERSION = 1;
				GENERATE_INFOPLIST_FILE = YES;
				INFOPLIST_FILE = UberClone/Info.plist;
				INFOPLIST_KEY_UIApplicationSupportsIndirectInputEvents = YES;
				INFOPLIST_KEY_UILaunchStoryboardName = LaunchScreen;
				INFOPLIST_KEY_UIMainStoryboardFile = Main;
				INFOPLIST_KEY_UISupportedInterfaceOrientations_iPad = "UIInterfaceOrientationPortrait UIInterfaceOrientationPortraitUpsideDown UIInterfaceOrientationLandscapeLeft UIInterfaceOrientationLandscapeRight";
				INFOPLIST_KEY_UISupportedInterfaceOrientations_iPhone = "UIInterfaceOrientationPortrait UIInterfaceOrientationLandscapeLeft UIInterfaceOrientationLandscapeRight";
				LD_RUNPATH_SEARCH_PATHS = (
					"$(inherited)",
					"@executable_path/Frameworks",
				);
				MARKETING_VERSION = 1.0;
				PRODUCT_BUNDLE_IDENTIFIER = aapna.UberClone;
				PRODUCT_NAME = "$(TARGET_NAME)";
				SWIFT_EMIT_LOC_STRINGS = YES;
				SWIFT_VERSION = 5.0;
				TARGETED_DEVICE_FAMILY = "1,2";
			};
			name = Debug;
		};
		8404B6062887CC33001458DE /* Release */ = {
			isa = XCBuildConfiguration;
			buildSettings = {
				ASSETCATALOG_COMPILER_APPICON_NAME = AppIcon;
				ASSETCATALOG_COMPILER_GLOBAL_ACCENT_COLOR_NAME = AccentColor;
				CODE_SIGN_STYLE = Automatic;
				CURRENT_PROJECT_VERSION = 1;
				GENERATE_INFOPLIST_FILE = YES;
				INFOPLIST_FILE = UberClone/Info.plist;
				INFOPLIST_KEY_UIApplicationSupportsIndirectInputEvents = YES;
				INFOPLIST_KEY_UILaunchStoryboardName = LaunchScreen;
				INFOPLIST_KEY_UIMainStoryboardFile = Main;
				INFOPLIST_KEY_UISupportedInterfaceOrientations_iPad = "UIInterfaceOrientationPortrait UIInterfaceOrientationPortraitUpsideDown UIInterfaceOrientationLandscapeLeft UIInterfaceOrientationLandscapeRight";
				INFOPLIST_KEY_UISupportedInterfaceOrientations_iPhone = "UIInterfaceOrientationPortrait UIInterfaceOrientationLandscapeLeft UIInterfaceOrientationLandscapeRight";
				LD_RUNPATH_SEARCH_PATHS = (
					"$(inherited)",
					"@executable_path/Frameworks",
				);
				MARKETING_VERSION = 1.0;
				PRODUCT_BUNDLE_IDENTIFIER = aapna.UberClone;
				PRODUCT_NAME = "$(TARGET_NAME)";
				SWIFT_EMIT_LOC_STRINGS = YES;
				SWIFT_VERSION = 5.0;
				TARGETED_DEVICE_FAMILY = "1,2";
			};
			name = Release;
		};
/* End XCBuildConfiguration section */

/* Begin XCConfigurationList section */
		8404B5EB2887CC30001458DE /* Build configuration list for PBXProject "UberClone" */ = {
			isa = XCConfigurationList;
			buildConfigurations = (
				8404B6022887CC33001458DE /* Debug */,
				8404B6032887CC33001458DE /* Release */,
			);
			defaultConfigurationIsVisible = 0;
			defaultConfigurationName = Release;
		};
		8404B6042887CC33001458DE /* Build configuration list for PBXNativeTarget "UberClone" */ = {
			isa = XCConfigurationList;
			buildConfigurations = (
				8404B6052887CC33001458DE /* Debug */,
				8404B6062887CC33001458DE /* Release */,
			);
			defaultConfigurationIsVisible = 0;
			defaultConfigurationName = Release;
		};
/* End XCConfigurationList section */
	};
	rootObject = 8404B5E82887CC30001458DE /* Project object */;
}
